// !$*UTF8*$!
{
	archiveVersion = 1;
	classes = {
	};
	objectVersion = 50;
	objects = {

/* Begin PBXBuildFile section */
		D6190D5524752CF900268628 /* AppDelegate.swift in Sources */ = {isa = PBXBuildFile; fileRef = D6190D5424752CF900268628 /* AppDelegate.swift */; };
		D6190D5724752CF900268628 /* SceneDelegate.swift in Sources */ = {isa = PBXBuildFile; fileRef = D6190D5624752CF900268628 /* SceneDelegate.swift */; };
		D6190D5924752CF900268628 /* ViewController.swift in Sources */ = {isa = PBXBuildFile; fileRef = D6190D5824752CF900268628 /* ViewController.swift */; };
		D6190D5C24752CF900268628 /* Main.storyboard in Resources */ = {isa = PBXBuildFile; fileRef = D6190D5A24752CF900268628 /* Main.storyboard */; };
		D6190D5F24752CF900268628 /* circlecitemplate.xcdatamodeld in Sources */ = {isa = PBXBuildFile; fileRef = D6190D5D24752CF900268628 /* circlecitemplate.xcdatamodeld */; };
		D6190D6124752CFC00268628 /* Assets.xcassets in Resources */ = {isa = PBXBuildFile; fileRef = D6190D6024752CFC00268628 /* Assets.xcassets */; };
		D6190D6424752CFC00268628 /* LaunchScreen.storyboard in Resources */ = {isa = PBXBuildFile; fileRef = D6190D6224752CFC00268628 /* LaunchScreen.storyboard */; };
		D6190D6F24752CFC00268628 /* circlecitemplateTests.swift in Sources */ = {isa = PBXBuildFile; fileRef = D6190D6E24752CFC00268628 /* circlecitemplateTests.swift */; };
		D6190D7A24752CFC00268628 /* circlecitemplateUITests.swift in Sources */ = {isa = PBXBuildFile; fileRef = D6190D7924752CFC00268628 /* circlecitemplateUITests.swift */; };
/* End PBXBuildFile section */

/* Begin PBXContainerItemProxy section */
		D6190D6B24752CFC00268628 /* PBXContainerItemProxy */ = {
			isa = PBXContainerItemProxy;
			containerPortal = D6190D4924752CF900268628 /* Project object */;
			proxyType = 1;
			remoteGlobalIDString = D6190D5024752CF900268628;
			remoteInfo = circlecitemplate;
		};
		D6190D7624752CFC00268628 /* PBXContainerItemProxy */ = {
			isa = PBXContainerItemProxy;
			containerPortal = D6190D4924752CF900268628 /* Project object */;
			proxyType = 1;
			remoteGlobalIDString = D6190D5024752CF900268628;
			remoteInfo = circlecitemplate;
		};
/* End PBXContainerItemProxy section */

/* Begin PBXFileReference section */
		D6190D5124752CF900268628 /* circlecitemplate.app */ = {isa = PBXFileReference; explicitFileType = wrapper.application; includeInIndex = 0; path = circlecitemplate.app; sourceTree = BUILT_PRODUCTS_DIR; };
		D6190D5424752CF900268628 /* AppDelegate.swift */ = {isa = PBXFileReference; lastKnownFileType = sourcecode.swift; path = AppDelegate.swift; sourceTree = "<group>"; };
		D6190D5624752CF900268628 /* SceneDelegate.swift */ = {isa = PBXFileReference; lastKnownFileType = sourcecode.swift; path = SceneDelegate.swift; sourceTree = "<group>"; };
		D6190D5824752CF900268628 /* ViewController.swift */ = {isa = PBXFileReference; lastKnownFileType = sourcecode.swift; path = ViewController.swift; sourceTree = "<group>"; };
		D6190D5B24752CF900268628 /* Base */ = {isa = PBXFileReference; lastKnownFileType = file.storyboard; name = Base; path = Base.lproj/Main.storyboard; sourceTree = "<group>"; };
		D6190D5E24752CF900268628 /* circlecitemplate.xcdatamodel */ = {isa = PBXFileReference; lastKnownFileType = wrapper.xcdatamodel; path = circlecitemplate.xcdatamodel; sourceTree = "<group>"; };
		D6190D6024752CFC00268628 /* Assets.xcassets */ = {isa = PBXFileReference; lastKnownFileType = folder.assetcatalog; path = Assets.xcassets; sourceTree = "<group>"; };
		D6190D6324752CFC00268628 /* Base */ = {isa = PBXFileReference; lastKnownFileType = file.storyboard; name = Base; path = Base.lproj/LaunchScreen.storyboard; sourceTree = "<group>"; };
		D6190D6524752CFC00268628 /* Info.plist */ = {isa = PBXFileReference; lastKnownFileType = text.plist.xml; path = Info.plist; sourceTree = "<group>"; };
		D6190D6A24752CFC00268628 /* circlecitemplateTests.xctest */ = {isa = PBXFileReference; explicitFileType = wrapper.cfbundle; includeInIndex = 0; path = circlecitemplateTests.xctest; sourceTree = BUILT_PRODUCTS_DIR; };
		D6190D6E24752CFC00268628 /* circlecitemplateTests.swift */ = {isa = PBXFileReference; lastKnownFileType = sourcecode.swift; path = circlecitemplateTests.swift; sourceTree = "<group>"; };
		D6190D7024752CFC00268628 /* Info.plist */ = {isa = PBXFileReference; lastKnownFileType = text.plist.xml; path = Info.plist; sourceTree = "<group>"; };
		D6190D7524752CFC00268628 /* circlecitemplateUITests.xctest */ = {isa = PBXFileReference; explicitFileType = wrapper.cfbundle; includeInIndex = 0; path = circlecitemplateUITests.xctest; sourceTree = BUILT_PRODUCTS_DIR; };
		D6190D7924752CFC00268628 /* circlecitemplateUITests.swift */ = {isa = PBXFileReference; lastKnownFileType = sourcecode.swift; path = circlecitemplateUITests.swift; sourceTree = "<group>"; };
		D6190D7B24752CFC00268628 /* Info.plist */ = {isa = PBXFileReference; lastKnownFileType = text.plist.xml; path = Info.plist; sourceTree = "<group>"; };
/* End PBXFileReference section */

/* Begin PBXFrameworksBuildPhase section */
		D6190D4E24752CF900268628 /* Frameworks */ = {
			isa = PBXFrameworksBuildPhase;
			buildActionMask = 2147483647;
			files = (
			);
			runOnlyForDeploymentPostprocessing = 0;
		};
		D6190D6724752CFC00268628 /* Frameworks */ = {
			isa = PBXFrameworksBuildPhase;
			buildActionMask = 2147483647;
			files = (
			);
			runOnlyForDeploymentPostprocessing = 0;
		};
		D6190D7224752CFC00268628 /* Frameworks */ = {
			isa = PBXFrameworksBuildPhase;
			buildActionMask = 2147483647;
			files = (
			);
			runOnlyForDeploymentPostprocessing = 0;
		};
/* End PBXFrameworksBuildPhase section */

/* Begin PBXGroup section */
		D6190D4824752CF900268628 = {
			isa = PBXGroup;
			children = (
				D6190D5324752CF900268628 /* circlecitemplate */,
				D6190D6D24752CFC00268628 /* circlecitemplateTests */,
				D6190D7824752CFC00268628 /* circlecitemplateUITests */,
				D6190D5224752CF900268628 /* Products */,
			);
			sourceTree = "<group>";
		};
		D6190D5224752CF900268628 /* Products */ = {
			isa = PBXGroup;
			children = (
				D6190D5124752CF900268628 /* circlecitemplate.app */,
				D6190D6A24752CFC00268628 /* circlecitemplateTests.xctest */,
				D6190D7524752CFC00268628 /* circlecitemplateUITests.xctest */,
			);
			name = Products;
			sourceTree = "<group>";
		};
		D6190D5324752CF900268628 /* circlecitemplate */ = {
			isa = PBXGroup;
			children = (
				D6190D5424752CF900268628 /* AppDelegate.swift */,
				D6190D5624752CF900268628 /* SceneDelegate.swift */,
				D6190D5824752CF900268628 /* ViewController.swift */,
				D6190D5A24752CF900268628 /* Main.storyboard */,
				D6190D6024752CFC00268628 /* Assets.xcassets */,
				D6190D6224752CFC00268628 /* LaunchScreen.storyboard */,
				D6190D6524752CFC00268628 /* Info.plist */,
				D6190D5D24752CF900268628 /* circlecitemplate.xcdatamodeld */,
			);
			path = circlecitemplate;
			sourceTree = "<group>";
		};
		D6190D6D24752CFC00268628 /* circlecitemplateTests */ = {
			isa = PBXGroup;
			children = (
				D6190D6E24752CFC00268628 /* circlecitemplateTests.swift */,
				D6190D7024752CFC00268628 /* Info.plist */,
			);
			path = circlecitemplateTests;
			sourceTree = "<group>";
		};
		D6190D7824752CFC00268628 /* circlecitemplateUITests */ = {
			isa = PBXGroup;
			children = (
				D6190D7924752CFC00268628 /* circlecitemplateUITests.swift */,
				D6190D7B24752CFC00268628 /* Info.plist */,
			);
			path = circlecitemplateUITests;
			sourceTree = "<group>";
		};
/* End PBXGroup section */

/* Begin PBXNativeTarget section */
		D6190D5024752CF900268628 /* circlecitemplate */ = {
			isa = PBXNativeTarget;
			buildConfigurationList = D6190D7E24752CFC00268628 /* Build configuration list for PBXNativeTarget "circlecitemplate" */;
			buildPhases = (
				D6190D4D24752CF900268628 /* Sources */,
				D6190D4E24752CF900268628 /* Frameworks */,
				D6190D4F24752CF900268628 /* Resources */,
			);
			buildRules = (
			);
			dependencies = (
			);
			name = circlecitemplate;
			productName = circlecitemplate;
			productReference = D6190D5124752CF900268628 /* circlecitemplate.app */;
			productType = "com.apple.product-type.application";
		};
		D6190D6924752CFC00268628 /* circlecitemplateTests */ = {
			isa = PBXNativeTarget;
			buildConfigurationList = D6190D8124752CFC00268628 /* Build configuration list for PBXNativeTarget "circlecitemplateTests" */;
			buildPhases = (
				D6190D6624752CFC00268628 /* Sources */,
				D6190D6724752CFC00268628 /* Frameworks */,
				D6190D6824752CFC00268628 /* Resources */,
			);
			buildRules = (
			);
			dependencies = (
				D6190D6C24752CFC00268628 /* PBXTargetDependency */,
			);
			name = circlecitemplateTests;
			productName = circlecitemplateTests;
			productReference = D6190D6A24752CFC00268628 /* circlecitemplateTests.xctest */;
			productType = "com.apple.product-type.bundle.unit-test";
		};
		D6190D7424752CFC00268628 /* circlecitemplateUITests */ = {
			isa = PBXNativeTarget;
			buildConfigurationList = D6190D8424752CFC00268628 /* Build configuration list for PBXNativeTarget "circlecitemplateUITests" */;
			buildPhases = (
				D6190D7124752CFC00268628 /* Sources */,
				D6190D7224752CFC00268628 /* Frameworks */,
				D6190D7324752CFC00268628 /* Resources */,
			);
			buildRules = (
			);
			dependencies = (
				D6190D7724752CFC00268628 /* PBXTargetDependency */,
			);
			name = circlecitemplateUITests;
			productName = circlecitemplateUITests;
			productReference = D6190D7524752CFC00268628 /* circlecitemplateUITests.xctest */;
			productType = "com.apple.product-type.bundle.ui-testing";
		};
/* End PBXNativeTarget section */

/* Begin PBXProject section */
		D6190D4924752CF900268628 /* Project object */ = {
			isa = PBXProject;
			attributes = {
				LastSwiftUpdateCheck = 1140;
				LastUpgradeCheck = 1140;
				ORGANIZATIONNAME = "Aleksandr Afanasiev";
				TargetAttributes = {
					D6190D5024752CF900268628 = {
						CreatedOnToolsVersion = 11.4;
					};
					D6190D6924752CFC00268628 = {
						CreatedOnToolsVersion = 11.4;
						TestTargetID = D6190D5024752CF900268628;
					};
					D6190D7424752CFC00268628 = {
						CreatedOnToolsVersion = 11.4;
						TestTargetID = D6190D5024752CF900268628;
					};
				};
			};
			buildConfigurationList = D6190D4C24752CF900268628 /* Build configuration list for PBXProject "circlecitemplate" */;
			compatibilityVersion = "Xcode 9.3";
			developmentRegion = en;
			hasScannedForEncodings = 0;
			knownRegions = (
				en,
				Base,
			);
			mainGroup = D6190D4824752CF900268628;
			productRefGroup = D6190D5224752CF900268628 /* Products */;
			projectDirPath = "";
			projectRoot = "";
			targets = (
				D6190D5024752CF900268628 /* circlecitemplate */,
				D6190D6924752CFC00268628 /* circlecitemplateTests */,
				D6190D7424752CFC00268628 /* circlecitemplateUITests */,
			);
		};
/* End PBXProject section */

/* Begin PBXResourcesBuildPhase section */
		D6190D4F24752CF900268628 /* Resources */ = {
			isa = PBXResourcesBuildPhase;
			buildActionMask = 2147483647;
			files = (
				D6190D6424752CFC00268628 /* LaunchScreen.storyboard in Resources */,
				D6190D6124752CFC00268628 /* Assets.xcassets in Resources */,
				D6190D5C24752CF900268628 /* Main.storyboard in Resources */,
			);
			runOnlyForDeploymentPostprocessing = 0;
		};
		D6190D6824752CFC00268628 /* Resources */ = {
			isa = PBXResourcesBuildPhase;
			buildActionMask = 2147483647;
			files = (
			);
			runOnlyForDeploymentPostprocessing = 0;
		};
		D6190D7324752CFC00268628 /* Resources */ = {
			isa = PBXResourcesBuildPhase;
			buildActionMask = 2147483647;
			files = (
			);
			runOnlyForDeploymentPostprocessing = 0;
		};
/* End PBXResourcesBuildPhase section */

/* Begin PBXSourcesBuildPhase section */
		D6190D4D24752CF900268628 /* Sources */ = {
			isa = PBXSourcesBuildPhase;
			buildActionMask = 2147483647;
			files = (
				D6190D5924752CF900268628 /* ViewController.swift in Sources */,
				D6190D5524752CF900268628 /* AppDelegate.swift in Sources */,
				D6190D5724752CF900268628 /* SceneDelegate.swift in Sources */,
				D6190D5F24752CF900268628 /* circlecitemplate.xcdatamodeld in Sources */,
			);
			runOnlyForDeploymentPostprocessing = 0;
		};
		D6190D6624752CFC00268628 /* Sources */ = {
			isa = PBXSourcesBuildPhase;
			buildActionMask = 2147483647;
			files = (
				D6190D6F24752CFC00268628 /* circlecitemplateTests.swift in Sources */,
			);
			runOnlyForDeploymentPostprocessing = 0;
		};
		D6190D7124752CFC00268628 /* Sources */ = {
			isa = PBXSourcesBuildPhase;
			buildActionMask = 2147483647;
			files = (
				D6190D7A24752CFC00268628 /* circlecitemplateUITests.swift in Sources */,
			);
			runOnlyForDeploymentPostprocessing = 0;
		};
/* End PBXSourcesBuildPhase section */

/* Begin PBXTargetDependency section */
		D6190D6C24752CFC00268628 /* PBXTargetDependency */ = {
			isa = PBXTargetDependency;
			target = D6190D5024752CF900268628 /* circlecitemplate */;
			targetProxy = D6190D6B24752CFC00268628 /* PBXContainerItemProxy */;
		};
		D6190D7724752CFC00268628 /* PBXTargetDependency */ = {
			isa = PBXTargetDependency;
			target = D6190D5024752CF900268628 /* circlecitemplate */;
			targetProxy = D6190D7624752CFC00268628 /* PBXContainerItemProxy */;
		};
/* End PBXTargetDependency section */

/* Begin PBXVariantGroup section */
		D6190D5A24752CF900268628 /* Main.storyboard */ = {
			isa = PBXVariantGroup;
			children = (
				D6190D5B24752CF900268628 /* Base */,
			);
			name = Main.storyboard;
			sourceTree = "<group>";
		};
		D6190D6224752CFC00268628 /* LaunchScreen.storyboard */ = {
			isa = PBXVariantGroup;
			children = (
				D6190D6324752CFC00268628 /* Base */,
			);
			name = LaunchScreen.storyboard;
			sourceTree = "<group>";
		};
/* End PBXVariantGroup section */

/* Begin XCBuildConfiguration section */
		D6190D7C24752CFC00268628 /* Debug */ = {
			isa = XCBuildConfiguration;
			buildSettings = {
				ALWAYS_SEARCH_USER_PATHS = NO;
				CLANG_ANALYZER_NONNULL = YES;
				CLANG_ANALYZER_NUMBER_OBJECT_CONVERSION = YES_AGGRESSIVE;
				CLANG_CXX_LANGUAGE_STANDARD = "gnu++14";
				CLANG_CXX_LIBRARY = "libc++";
				CLANG_ENABLE_MODULES = YES;
				CLANG_ENABLE_OBJC_ARC = YES;
				CLANG_ENABLE_OBJC_WEAK = YES;
				CLANG_WARN_BLOCK_CAPTURE_AUTORELEASING = YES;
				CLANG_WARN_BOOL_CONVERSION = YES;
				CLANG_WARN_COMMA = YES;
				CLANG_WARN_CONSTANT_CONVERSION = YES;
				CLANG_WARN_DEPRECATED_OBJC_IMPLEMENTATIONS = YES;
				CLANG_WARN_DIRECT_OBJC_ISA_USAGE = YES_ERROR;
				CLANG_WARN_DOCUMENTATION_COMMENTS = YES;
				CLANG_WARN_EMPTY_BODY = YES;
				CLANG_WARN_ENUM_CONVERSION = YES;
				CLANG_WARN_INFINITE_RECURSION = YES;
				CLANG_WARN_INT_CONVERSION = YES;
				CLANG_WARN_NON_LITERAL_NULL_CONVERSION = YES;
				CLANG_WARN_OBJC_IMPLICIT_RETAIN_SELF = YES;
				CLANG_WARN_OBJC_LITERAL_CONVERSION = YES;
				CLANG_WARN_OBJC_ROOT_CLASS = YES_ERROR;
				CLANG_WARN_RANGE_LOOP_ANALYSIS = YES;
				CLANG_WARN_STRICT_PROTOTYPES = YES;
				CLANG_WARN_SUSPICIOUS_MOVE = YES;
				CLANG_WARN_UNGUARDED_AVAILABILITY = YES_AGGRESSIVE;
				CLANG_WARN_UNREACHABLE_CODE = YES;
				CLANG_WARN__DUPLICATE_METHOD_MATCH = YES;
				COPY_PHASE_STRIP = NO;
				DEBUG_INFORMATION_FORMAT = dwarf;
				ENABLE_STRICT_OBJC_MSGSEND = YES;
				ENABLE_TESTABILITY = YES;
				GCC_C_LANGUAGE_STANDARD = gnu11;
				GCC_DYNAMIC_NO_PIC = NO;
				GCC_NO_COMMON_BLOCKS = YES;
				GCC_OPTIMIZATION_LEVEL = 0;
				GCC_PREPROCESSOR_DEFINITIONS = (
					"DEBUG=1",
					"$(inherited)",
				);
				GCC_WARN_64_TO_32_BIT_CONVERSION = YES;
				GCC_WARN_ABOUT_RETURN_TYPE = YES_ERROR;
				GCC_WARN_UNDECLARED_SELECTOR = YES;
				GCC_WARN_UNINITIALIZED_AUTOS = YES_AGGRESSIVE;
				GCC_WARN_UNUSED_FUNCTION = YES;
				GCC_WARN_UNUSED_VARIABLE = YES;
				IPHONEOS_DEPLOYMENT_TARGET = 13.4;
				MTL_ENABLE_DEBUG_INFO = INCLUDE_SOURCE;
				MTL_FAST_MATH = YES;
				ONLY_ACTIVE_ARCH = YES;
				SDKROOT = iphoneos;
				SWIFT_ACTIVE_COMPILATION_CONDITIONS = DEBUG;
				SWIFT_OPTIMIZATION_LEVEL = "-Onone";
			};
			name = Debug;
		};
		D6190D7D24752CFC00268628 /* Release */ = {
			isa = XCBuildConfiguration;
			buildSettings = {
				ALWAYS_SEARCH_USER_PATHS = NO;
				CLANG_ANALYZER_NONNULL = YES;
				CLANG_ANALYZER_NUMBER_OBJECT_CONVERSION = YES_AGGRESSIVE;
				CLANG_CXX_LANGUAGE_STANDARD = "gnu++14";
				CLANG_CXX_LIBRARY = "libc++";
				CLANG_ENABLE_MODULES = YES;
				CLANG_ENABLE_OBJC_ARC = YES;
				CLANG_ENABLE_OBJC_WEAK = YES;
				CLANG_WARN_BLOCK_CAPTURE_AUTORELEASING = YES;
				CLANG_WARN_BOOL_CONVERSION = YES;
				CLANG_WARN_COMMA = YES;
				CLANG_WARN_CONSTANT_CONVERSION = YES;
				CLANG_WARN_DEPRECATED_OBJC_IMPLEMENTATIONS = YES;
				CLANG_WARN_DIRECT_OBJC_ISA_USAGE = YES_ERROR;
				CLANG_WARN_DOCUMENTATION_COMMENTS = YES;
				CLANG_WARN_EMPTY_BODY = YES;
				CLANG_WARN_ENUM_CONVERSION = YES;
				CLANG_WARN_INFINITE_RECURSION = YES;
				CLANG_WARN_INT_CONVERSION = YES;
				CLANG_WARN_NON_LITERAL_NULL_CONVERSION = YES;
				CLANG_WARN_OBJC_IMPLICIT_RETAIN_SELF = YES;
				CLANG_WARN_OBJC_LITERAL_CONVERSION = YES;
				CLANG_WARN_OBJC_ROOT_CLASS = YES_ERROR;
				CLANG_WARN_RANGE_LOOP_ANALYSIS = YES;
				CLANG_WARN_STRICT_PROTOTYPES = YES;
				CLANG_WARN_SUSPICIOUS_MOVE = YES;
				CLANG_WARN_UNGUARDED_AVAILABILITY = YES_AGGRESSIVE;
				CLANG_WARN_UNREACHABLE_CODE = YES;
				CLANG_WARN__DUPLICATE_METHOD_MATCH = YES;
				COPY_PHASE_STRIP = NO;
				DEBUG_INFORMATION_FORMAT = "dwarf-with-dsym";
				ENABLE_NS_ASSERTIONS = NO;
				ENABLE_STRICT_OBJC_MSGSEND = YES;
				GCC_C_LANGUAGE_STANDARD = gnu11;
				GCC_NO_COMMON_BLOCKS = YES;
				GCC_WARN_64_TO_32_BIT_CONVERSION = YES;
				GCC_WARN_ABOUT_RETURN_TYPE = YES_ERROR;
				GCC_WARN_UNDECLARED_SELECTOR = YES;
				GCC_WARN_UNINITIALIZED_AUTOS = YES_AGGRESSIVE;
				GCC_WARN_UNUSED_FUNCTION = YES;
				GCC_WARN_UNUSED_VARIABLE = YES;
				IPHONEOS_DEPLOYMENT_TARGET = 13.4;
				MTL_ENABLE_DEBUG_INFO = NO;
				MTL_FAST_MATH = YES;
				SDKROOT = iphoneos;
				SWIFT_COMPILATION_MODE = wholemodule;
				SWIFT_OPTIMIZATION_LEVEL = "-O";
				VALIDATE_PRODUCT = YES;
			};
			name = Release;
		};
		D6190D7F24752CFC00268628 /* Debug */ = {
			isa = XCBuildConfiguration;
			buildSettings = {
				ASSETCATALOG_COMPILER_APPICON_NAME = AppIcon;
				CODE_SIGN_STYLE = Automatic;
				DEVELOPMENT_TEAM = RL9X82XGYG;
				INFOPLIST_FILE = circlecitemplate/Info.plist;
				LD_RUNPATH_SEARCH_PATHS = (
					"$(inherited)",
					"@executable_path/Frameworks",
				);
				PRODUCT_BUNDLE_IDENTIFIER = aafanasiev.circlecitemplate;
				PRODUCT_NAME = "$(TARGET_NAME)";
				SWIFT_VERSION = 5.0;
				TARGETED_DEVICE_FAMILY = "1,2";
			};
			name = Debug;
		};
		D6190D8024752CFC00268628 /* Release */ = {
			isa = XCBuildConfiguration;
			buildSettings = {
				ASSETCATALOG_COMPILER_APPICON_NAME = AppIcon;
				CODE_SIGN_STYLE = Automatic;
				DEVELOPMENT_TEAM = RL9X82XGYG;
				INFOPLIST_FILE = circlecitemplate/Info.plist;
				LD_RUNPATH_SEARCH_PATHS = (
					"$(inherited)",
					"@executable_path/Frameworks",
				);
				PRODUCT_BUNDLE_IDENTIFIER = aafanasiev.circlecitemplate;
				PRODUCT_NAME = "$(TARGET_NAME)";
				SWIFT_VERSION = 5.0;
				TARGETED_DEVICE_FAMILY = "1,2";
			};
			name = Release;
		};
		D6190D8224752CFC00268628 /* Debug */ = {
			isa = XCBuildConfiguration;
			buildSettings = {
				ALWAYS_EMBED_SWIFT_STANDARD_LIBRARIES = YES;
				BUNDLE_LOADER = "$(TEST_HOST)";
				CODE_SIGN_STYLE = Automatic;
				DEVELOPMENT_TEAM = RL9X82XGYG;
				INFOPLIST_FILE = circlecitemplateTests/Info.plist;
				IPHONEOS_DEPLOYMENT_TARGET = 13.4;
				LD_RUNPATH_SEARCH_PATHS = (
					"$(inherited)",
					"@executable_path/Frameworks",
					"@loader_path/Frameworks",
				);
				PRODUCT_BUNDLE_IDENTIFIER = aafanasiev.circlecitemplateTests;
				PRODUCT_NAME = "$(TARGET_NAME)";
				SWIFT_VERSION = 5.0;
				TARGETED_DEVICE_FAMILY = "1,2";
				TEST_HOST = "$(BUILT_PRODUCTS_DIR)/circlecitemplate.app/circlecitemplate";
			};
			name = Debug;
		};
		D6190D8324752CFC00268628 /* Release */ = {
			isa = XCBuildConfiguration;
			buildSettings = {
				ALWAYS_EMBED_SWIFT_STANDARD_LIBRARIES = YES;
				BUNDLE_LOADER = "$(TEST_HOST)";
				CODE_SIGN_STYLE = Automatic;
				DEVELOPMENT_TEAM = RL9X82XGYG;
				INFOPLIST_FILE = circlecitemplateTests/Info.plist;
				IPHONEOS_DEPLOYMENT_TARGET = 13.4;
				LD_RUNPATH_SEARCH_PATHS = (
					"$(inherited)",
					"@executable_path/Frameworks",
					"@loader_path/Frameworks",
				);
				PRODUCT_BUNDLE_IDENTIFIER = aafanasiev.circlecitemplateTests;
				PRODUCT_NAME = "$(TARGET_NAME)";
				SWIFT_VERSION = 5.0;
				TARGETED_DEVICE_FAMILY = "1,2";
				TEST_HOST = "$(BUILT_PRODUCTS_DIR)/circlecitemplate.app/circlecitemplate";
			};
			name = Release;
		};
		D6190D8524752CFC00268628 /* Debug */ = {
			isa = XCBuildConfiguration;
			buildSettings = {
				ALWAYS_EMBED_SWIFT_STANDARD_LIBRARIES = YES;
				CODE_SIGN_STYLE = Automatic;
				DEVELOPMENT_TEAM = RL9X82XGYG;
				INFOPLIST_FILE = circlecitemplateUITests/Info.plist;
				LD_RUNPATH_SEARCH_PATHS = (
					"$(inherited)",
					"@executable_path/Frameworks",
					"@loader_path/Frameworks",
				);
				PRODUCT_BUNDLE_IDENTIFIER = aafanasiev.circlecitemplateUITests;
				PRODUCT_NAME = "$(TARGET_NAME)";
				SWIFT_VERSION = 5.0;
				TARGETED_DEVICE_FAMILY = "1,2";
				TEST_TARGET_NAME = circlecitemplate;
			};
			name = Debug;
		};
		D6190D8624752CFC00268628 /* Release */ = {
			isa = XCBuildConfiguration;
			buildSettings = {
				ALWAYS_EMBED_SWIFT_STANDARD_LIBRARIES = YES;
				CODE_SIGN_STYLE = Automatic;
				DEVELOPMENT_TEAM = RL9X82XGYG;
				INFOPLIST_FILE = circlecitemplateUITests/Info.plist;
				LD_RUNPATH_SEARCH_PATHS = (
					"$(inherited)",
					"@executable_path/Frameworks",
					"@loader_path/Frameworks",
				);
				PRODUCT_BUNDLE_IDENTIFIER = aafanasiev.circlecitemplateUITests;
				PRODUCT_NAME = "$(TARGET_NAME)";
				SWIFT_VERSION = 5.0;
				TARGETED_DEVICE_FAMILY = "1,2";
				TEST_TARGET_NAME = circlecitemplate;
			};
			name = Release;
		};
/* End XCBuildConfiguration section */

/* Begin XCConfigurationList section */
		D6190D4C24752CF900268628 /* Build configuration list for PBXProject "circlecitemplate" */ = {
			isa = XCConfigurationList;
			buildConfigurations = (
				D6190D7C24752CFC00268628 /* Debug */,
				D6190D7D24752CFC00268628 /* Release */,
			);
			defaultConfigurationIsVisible = 0;
			defaultConfigurationName = Release;
		};
		D6190D7E24752CFC00268628 /* Build configuration list for PBXNativeTarget "circlecitemplate" */ = {
			isa = XCConfigurationList;
			buildConfigurations = (
				D6190D7F24752CFC00268628 /* Debug */,
				D6190D8024752CFC00268628 /* Release */,
			);
			defaultConfigurationIsVisible = 0;
			defaultConfigurationName = Release;
		};
		D6190D8124752CFC00268628 /* Build configuration list for PBXNativeTarget "circlecitemplateTests" */ = {
			isa = XCConfigurationList;
			buildConfigurations = (
				D6190D8224752CFC00268628 /* Debug */,
				D6190D8324752CFC00268628 /* Release */,
			);
			defaultConfigurationIsVisible = 0;
			defaultConfigurationName = Release;
		};
		D6190D8424752CFC00268628 /* Build configuration list for PBXNativeTarget "circlecitemplateUITests" */ = {
			isa = XCConfigurationList;
			buildConfigurations = (
				D6190D8524752CFC00268628 /* Debug */,
				D6190D8624752CFC00268628 /* Release */,
			);
			defaultConfigurationIsVisible = 0;
			defaultConfigurationName = Release;
		};
/* End XCConfigurationList section */

/* Begin XCVersionGroup section */
		D6190D5D24752CF900268628 /* circlecitemplate.xcdatamodeld */ = {
			isa = XCVersionGroup;
			children = (
				D6190D5E24752CF900268628 /* circlecitemplate.xcdatamodel */,
			);
			currentVersion = D6190D5E24752CF900268628 /* circlecitemplate.xcdatamodel */;
			path = circlecitemplate.xcdatamodeld;
			sourceTree = "<group>";
			versionGroupType = wrapper.xcdatamodel;
		};
/* End XCVersionGroup section */
	};
	rootObject = D6190D4924752CF900268628 /* Project object */;
}
